// !$*UTF8*$!
{
	archiveVersion = 1;
	classes = {
	};
	objectVersion = 46;
	objects = {

/* Begin PBXBuildFile section */
		B818549D1A3988B6008F0257 /* main.m in Sources */ = {isa = PBXBuildFile; fileRef = B818549C1A3988B6008F0257 /* main.m */; };
		B81854A01A3988B6008F0257 /* AppDelegate.m in Sources */ = {isa = PBXBuildFile; fileRef = B818549F1A3988B6008F0257 /* AppDelegate.m */; };
		B81854A31A3988B6008F0257 /* ViewController.m in Sources */ = {isa = PBXBuildFile; fileRef = B81854A21A3988B6008F0257 /* ViewController.m */; };
		B81854A61A3988B6008F0257 /* Main.storyboard in Resources */ = {isa = PBXBuildFile; fileRef = B81854A41A3988B6008F0257 /* Main.storyboard */; };
		B81854A81A3988B6008F0257 /* Images.xcassets in Resources */ = {isa = PBXBuildFile; fileRef = B81854A71A3988B6008F0257 /* Images.xcassets */; };
		B81854AB1A3988B6008F0257 /* LaunchScreen.xib in Resources */ = {isa = PBXBuildFile; fileRef = B81854A91A3988B6008F0257 /* LaunchScreen.xib */; };
		B81854B71A3988B6008F0257 /* TestDelegateTests.m in Sources */ = {isa = PBXBuildFile; fileRef = B81854B61A3988B6008F0257 /* TestDelegateTests.m */; };
		B81854C21A399595008F0257 /* ColorPicker.m in Sources */ = {isa = PBXBuildFile; fileRef = B81854C11A399595008F0257 /* ColorPicker.m */; };
/* End PBXBuildFile section */

/* Begin PBXContainerItemProxy section */
		B81854B11A3988B6008F0257 /* PBXContainerItemProxy */ = {
			isa = PBXContainerItemProxy;
			containerPortal = B818548F1A3988B6008F0257 /* Project object */;
			proxyType = 1;
			remoteGlobalIDString = B81854961A3988B6008F0257;
			remoteInfo = TestDelegate;
		};
/* End PBXContainerItemProxy section */

/* Begin PBXFileReference section */
		B81854971A3988B6008F0257 /* TestDelegate.app */ = {isa = PBXFileReference; explicitFileType = wrapper.application; includeInIndex = 0; path = TestDelegate.app; sourceTree = BUILT_PRODUCTS_DIR; };
		B818549B1A3988B6008F0257 /* Info.plist */ = {isa = PBXFileReference; lastKnownFileType = text.plist.xml; path = Info.plist; sourceTree = "<group>"; };
		B818549C1A3988B6008F0257 /* main.m */ = {isa = PBXFileReference; lastKnownFileType = sourcecode.c.objc; path = main.m; sourceTree = "<group>"; };
		B818549E1A3988B6008F0257 /* AppDelegate.h */ = {isa = PBXFileReference; lastKnownFileType = sourcecode.c.h; path = AppDelegate.h; sourceTree = "<group>"; };
		B818549F1A3988B6008F0257 /* AppDelegate.m */ = {isa = PBXFileReference; lastKnownFileType = sourcecode.c.objc; path = AppDelegate.m; sourceTree = "<group>"; };
		B81854A11A3988B6008F0257 /* ViewController.h */ = {isa = PBXFileReference; lastKnownFileType = sourcecode.c.h; path = ViewController.h; sourceTree = "<group>"; };
		B81854A21A3988B6008F0257 /* ViewController.m */ = {isa = PBXFileReference; lastKnownFileType = sourcecode.c.objc; path = ViewController.m; sourceTree = "<group>"; };
		B81854A51A3988B6008F0257 /* Base */ = {isa = PBXFileReference; lastKnownFileType = file.storyboard; name = Base; path = Base.lproj/Main.storyboard; sourceTree = "<group>"; };
		B81854A71A3988B6008F0257 /* Images.xcassets */ = {isa = PBXFileReference; lastKnownFileType = folder.assetcatalog; path = Images.xcassets; sourceTree = "<group>"; };
		B81854AA1A3988B6008F0257 /* Base */ = {isa = PBXFileReference; lastKnownFileType = file.xib; name = Base; path = Base.lproj/LaunchScreen.xib; sourceTree = "<group>"; };
		B81854B01A3988B6008F0257 /* TestDelegateTests.xctest */ = {isa = PBXFileReference; explicitFileType = wrapper.cfbundle; includeInIndex = 0; path = TestDelegateTests.xctest; sourceTree = BUILT_PRODUCTS_DIR; };
		B81854B51A3988B6008F0257 /* Info.plist */ = {isa = PBXFileReference; lastKnownFileType = text.plist.xml; path = Info.plist; sourceTree = "<group>"; };
		B81854B61A3988B6008F0257 /* TestDelegateTests.m */ = {isa = PBXFileReference; lastKnownFileType = sourcecode.c.objc; path = TestDelegateTests.m; sourceTree = "<group>"; };
		B81854C01A399595008F0257 /* ColorPicker.h */ = {isa = PBXFileReference; fileEncoding = 4; lastKnownFileType = sourcecode.c.h; path = ColorPicker.h; sourceTree = "<group>"; };
		B81854C11A399595008F0257 /* ColorPicker.m */ = {isa = PBXFileReference; fileEncoding = 4; lastKnownFileType = sourcecode.c.objc; path = ColorPicker.m; sourceTree = "<group>"; };
/* End PBXFileReference section */

/* Begin PBXFrameworksBuildPhase section */
		B81854941A3988B6008F0257 /* Frameworks */ = {
			isa = PBXFrameworksBuildPhase;
			buildActionMask = 2147483647;
			files = (
			);
			runOnlyForDeploymentPostprocessing = 0;
		};
		B81854AD1A3988B6008F0257 /* Frameworks */ = {
			isa = PBXFrameworksBuildPhase;
			buildActionMask = 2147483647;
			files = (
			);
			runOnlyForDeploymentPostprocessing = 0;
		};
/* End PBXFrameworksBuildPhase section */

/* Begin PBXGroup section */
		B818548E1A3988B6008F0257 = {
			isa = PBXGroup;
			children = (
				B81854991A3988B6008F0257 /* TestDelegate */,
				B81854B31A3988B6008F0257 /* TestDelegateTests */,
				B81854981A3988B6008F0257 /* Products */,
			);
			sourceTree = "<group>";
		};
		B81854981A3988B6008F0257 /* Products */ = {
			isa = PBXGroup;
			children = (
				B81854971A3988B6008F0257 /* TestDelegate.app */,
				B81854B01A3988B6008F0257 /* TestDelegateTests.xctest */,
			);
			name = Products;
			sourceTree = "<group>";
		};
		B81854991A3988B6008F0257 /* TestDelegate */ = {
			isa = PBXGroup;
			children = (
				B818549E1A3988B6008F0257 /* AppDelegate.h */,
				B818549F1A3988B6008F0257 /* AppDelegate.m */,
				B81854A11A3988B6008F0257 /* ViewController.h */,
				B81854A21A3988B6008F0257 /* ViewController.m */,
				B81854A41A3988B6008F0257 /* Main.storyboard */,
				B81854C01A399595008F0257 /* ColorPicker.h */,
				B81854C11A399595008F0257 /* ColorPicker.m */,
				B81854A71A3988B6008F0257 /* Images.xcassets */,
				B81854A91A3988B6008F0257 /* LaunchScreen.xib */,
				B818549A1A3988B6008F0257 /* Supporting Files */,
			);
			path = TestDelegate;
			sourceTree = "<group>";
		};
		B818549A1A3988B6008F0257 /* Supporting Files */ = {
			isa = PBXGroup;
			children = (
				B818549B1A3988B6008F0257 /* Info.plist */,
				B818549C1A3988B6008F0257 /* main.m */,
			);
			name = "Supporting Files";
			sourceTree = "<group>";
		};
		B81854B31A3988B6008F0257 /* TestDelegateTests */ = {
			isa = PBXGroup;
			children = (
				B81854B61A3988B6008F0257 /* TestDelegateTests.m */,
				B81854B41A3988B6008F0257 /* Supporting Files */,
			);
			path = TestDelegateTests;
			sourceTree = "<group>";
		};
		B81854B41A3988B6008F0257 /* Supporting Files */ = {
			isa = PBXGroup;
			children = (
				B81854B51A3988B6008F0257 /* Info.plist */,
			);
			name = "Supporting Files";
			sourceTree = "<group>";
		};
/* End PBXGroup section */

/* Begin PBXNativeTarget section */
		B81854961A3988B6008F0257 /* TestDelegate */ = {
			isa = PBXNativeTarget;
			buildConfigurationList = B81854BA1A3988B6008F0257 /* Build configuration list for PBXNativeTarget "TestDelegate" */;
			buildPhases = (
				B81854931A3988B6008F0257 /* Sources */,
				B81854941A3988B6008F0257 /* Frameworks */,
				B81854951A3988B6008F0257 /* Resources */,
			);
			buildRules = (
			);
			dependencies = (
			);
			name = TestDelegate;
			productName = TestDelegate;
			productReference = B81854971A3988B6008F0257 /* TestDelegate.app */;
			productType = "com.apple.product-type.application";
		};
		B81854AF1A3988B6008F0257 /* TestDelegateTests */ = {
			isa = PBXNativeTarget;
			buildConfigurationList = B81854BD1A3988B6008F0257 /* Build configuration list for PBXNativeTarget "TestDelegateTests" */;
			buildPhases = (
				B81854AC1A3988B6008F0257 /* Sources */,
				B81854AD1A3988B6008F0257 /* Frameworks */,
				B81854AE1A3988B6008F0257 /* Resources */,
			);
			buildRules = (
			);
			dependencies = (
				B81854B21A3988B6008F0257 /* PBXTargetDependency */,
			);
			name = TestDelegateTests;
			productName = TestDelegateTests;
			productReference = B81854B01A3988B6008F0257 /* TestDelegateTests.xctest */;
			productType = "com.apple.product-type.bundle.unit-test";
		};
/* End PBXNativeTarget section */

/* Begin PBXProject section */
		B818548F1A3988B6008F0257 /* Project object */ = {
			isa = PBXProject;
			attributes = {
				LastUpgradeCheck = 0610;
				ORGANIZATIONNAME = iem;
				TargetAttributes = {
					B81854961A3988B6008F0257 = {
						CreatedOnToolsVersion = 6.1;
					};
					B81854AF1A3988B6008F0257 = {
						CreatedOnToolsVersion = 6.1;
						TestTargetID = B81854961A3988B6008F0257;
					};
				};
			};
			buildConfigurationList = B81854921A3988B6008F0257 /* Build configuration list for PBXProject "TestDelegate" */;
			compatibilityVersion = "Xcode 3.2";
			developmentRegion = English;
			hasScannedForEncodings = 0;
			knownRegions = (
				en,
				Base,
			);
			mainGroup = B818548E1A3988B6008F0257;
			productRefGroup = B81854981A3988B6008F0257 /* Products */;
			projectDirPath = "";
			projectRoot = "";
			targets = (
				B81854961A3988B6008F0257 /* TestDelegate */,
				B81854AF1A3988B6008F0257 /* TestDelegateTests */,
			);
		};
/* End PBXProject section */

/* Begin PBXResourcesBuildPhase section */
		B81854951A3988B6008F0257 /* Resources */ = {
			isa = PBXResourcesBuildPhase;
			buildActionMask = 2147483647;
			files = (
				B81854A61A3988B6008F0257 /* Main.storyboard in Resources */,
				B81854AB1A3988B6008F0257 /* LaunchScreen.xib in Resources */,
				B81854A81A3988B6008F0257 /* Images.xcassets in Resources */,
			);
			runOnlyForDeploymentPostprocessing = 0;
		};
		B81854AE1A3988B6008F0257 /* Resources */ = {
			isa = PBXResourcesBuildPhase;
			buildActionMask = 2147483647;
			files = (
			);
			runOnlyForDeploymentPostprocessing = 0;
		};
/* End PBXResourcesBuildPhase section */

/* Begin PBXSourcesBuildPhase section */
		B81854931A3988B6008F0257 /* Sources */ = {
			isa = PBXSourcesBuildPhase;
			buildActionMask = 2147483647;
			files = (
				B81854A31A3988B6008F0257 /* ViewController.m in Sources */,
				B81854C21A399595008F0257 /* ColorPicker.m in Sources */,
				B81854A01A3988B6008F0257 /* AppDelegate.m in Sources */,
				B818549D1A3988B6008F0257 /* main.m in Sources */,
			);
			runOnlyForDeploymentPostprocessing = 0;
		};
		B81854AC1A3988B6008F0257 /* Sources */ = {
			isa = PBXSourcesBuildPhase;
			buildActionMask = 2147483647;
			files = (
				B81854B71A3988B6008F0257 /* TestDelegateTests.m in Sources */,
			);
			runOnlyForDeploymentPostprocessing = 0;
		};
/* End PBXSourcesBuildPhase section */

/* Begin PBXTargetDependency section */
		B81854B21A3988B6008F0257 /* PBXTargetDependency */ = {
			isa = PBXTargetDependency;
			target = B81854961A3988B6008F0257 /* TestDelegate */;
			targetProxy = B81854B11A3988B6008F0257 /* PBXContainerItemProxy */;
		};
/* End PBXTargetDependency section */

/* Begin PBXVariantGroup section */
		B81854A41A3988B6008F0257 /* Main.storyboard */ = {
			isa = PBXVariantGroup;
			children = (
				B81854A51A3988B6008F0257 /* Base */,
			);
			name = Main.storyboard;
			sourceTree = "<group>";
		};
		B81854A91A3988B6008F0257 /* LaunchScreen.xib */ = {
			isa = PBXVariantGroup;
			children = (
				B81854AA1A3988B6008F0257 /* Base */,
			);
			name = LaunchScreen.xib;
			sourceTree = "<group>";
		};
/* End PBXVariantGroup section */

/* Begin XCBuildConfiguration section */
		B81854B81A3988B6008F0257 /* Debug */ = {
			isa = XCBuildConfiguration;
			buildSettings = {
				ALWAYS_SEARCH_USER_PATHS = NO;
				CLANG_CXX_LANGUAGE_STANDARD = "gnu++0x";
				CLANG_CXX_LIBRARY = "libc++";
				CLANG_ENABLE_MODULES = YES;
				CLANG_ENABLE_OBJC_ARC = YES;
				CLANG_WARN_BOOL_CONVERSION = YES;
				CLANG_WARN_CONSTANT_CONVERSION = YES;
				CLANG_WARN_DIRECT_OBJC_ISA_USAGE = YES_ERROR;
				CLANG_WARN_EMPTY_BODY = YES;
				CLANG_WARN_ENUM_CONVERSION = YES;
				CLANG_WARN_INT_CONVERSION = YES;
				CLANG_WARN_OBJC_ROOT_CLASS = YES_ERROR;
				CLANG_WARN_UNREACHABLE_CODE = YES;
				CLANG_WARN__DUPLICATE_METHOD_MATCH = YES;
				"CODE_SIGN_IDENTITY[sdk=iphoneos*]" = "iPhone Developer";
				COPY_PHASE_STRIP = NO;
				ENABLE_STRICT_OBJC_MSGSEND = YES;
				GCC_C_LANGUAGE_STANDARD = gnu99;
				GCC_DYNAMIC_NO_PIC = NO;
				GCC_OPTIMIZATION_LEVEL = 0;
				GCC_PREPROCESSOR_DEFINITIONS = (
					"DEBUG=1",
					"$(inherited)",
				);
				GCC_SYMBOLS_PRIVATE_EXTERN = NO;
				GCC_WARN_64_TO_32_BIT_CONVERSION = YES;
				GCC_WARN_ABOUT_RETURN_TYPE = YES_ERROR;
				GCC_WARN_UNDECLARED_SELECTOR = YES;
				GCC_WARN_UNINITIALIZED_AUTOS = YES_AGGRESSIVE;
				GCC_WARN_UNUSED_FUNCTION = YES;
				GCC_WARN_UNUSED_VARIABLE = YES;
				IPHONEOS_DEPLOYMENT_TARGET = 8.1;
				MTL_ENABLE_DEBUG_INFO = YES;
				ONLY_ACTIVE_ARCH = YES;
				SDKROOT = iphoneos;
			};
			name = Debug;
		};
		B81854B91A3988B6008F0257 /* Release */ = {
			isa = XCBuildConfiguration;
			buildSettings = {
				ALWAYS_SEARCH_USER_PATHS = NO;
				CLANG_CXX_LANGUAGE_STANDARD = "gnu++0x";
				CLANG_CXX_LIBRARY = "libc++";
				CLANG_ENABLE_MODULES = YES;
				CLANG_ENABLE_OBJC_ARC = YES;
				CLANG_WARN_BOOL_CONVERSION = YES;
				CLANG_WARN_CONSTANT_CONVERSION = YES;
				CLANG_WARN_DIRECT_OBJC_ISA_USAGE = YES_ERROR;
				CLANG_WARN_EMPTY_BODY = YES;
				CLANG_WARN_ENUM_CONVERSION = YES;
				CLANG_WARN_INT_CONVERSION = YES;
				CLANG_WARN_OBJC_ROOT_CLASS = YES_ERROR;
				CLANG_WARN_UNREACHABLE_CODE = YES;
				CLANG_WARN__DUPLICATE_METHOD_MATCH = YES;
				"CODE_SIGN_IDENTITY[sdk=iphoneos*]" = "iPhone Developer";
				COPY_PHASE_STRIP = YES;
				ENABLE_NS_ASSERTIONS = NO;
				ENABLE_STRICT_OBJC_MSGSEND = YES;
				GCC_C_LANGUAGE_STANDARD = gnu99;
				GCC_WARN_64_TO_32_BIT_CONVERSION = YES;
				GCC_WARN_ABOUT_RETURN_TYPE = YES_ERROR;
				GCC_WARN_UNDECLARED_SELECTOR = YES;
				GCC_WARN_UNINITIALIZED_AUTOS = YES_AGGRESSIVE;
				GCC_WARN_UNUSED_FUNCTION = YES;
				GCC_WARN_UNUSED_VARIABLE = YES;
				IPHONEOS_DEPLOYMENT_TARGET = 8.1;
				MTL_ENABLE_DEBUG_INFO = NO;
				SDKROOT = iphoneos;
				VALIDATE_PRODUCT = YES;
			};
			name = Release;
		};
		B81854BB1A3988B6008F0257 /* Debug */ = {
			isa = XCBuildConfiguration;
			buildSettings = {
				ASSETCATALOG_COMPILER_APPICON_NAME = AppIcon;
				INFOPLIST_FILE = TestDelegate/Info.plist;
				LD_RUNPATH_SEARCH_PATHS = "$(inherited) @executable_path/Frameworks";
				PRODUCT_NAME = "$(TARGET_NAME)";
			};
			name = Debug;
		};
		B81854BC1A3988B6008F0257 /* Release */ = {
			isa = XCBuildConfiguration;
			buildSettings = {
				ASSETCATALOG_COMPILER_APPICON_NAME = AppIcon;
				INFOPLIST_FILE = TestDelegate/Info.plist;
				LD_RUNPATH_SEARCH_PATHS = "$(inherited) @executable_path/Frameworks";
				PRODUCT_NAME = "$(TARGET_NAME)";
			};
			name = Release;
		};
		B81854BE1A3988B6008F0257 /* Debug */ = {
			isa = XCBuildConfiguration;
			buildSettings = {
				BUNDLE_LOADER = "$(TEST_HOST)";
				FRAMEWORK_SEARCH_PATHS = (
					"$(SDKROOT)/Developer/Library/Frameworks",
					"$(inherited)",
				);
				GCC_PREPROCESSOR_DEFINITIONS = (
					"DEBUG=1",
					"$(inherited)",
				);
				INFOPLIST_FILE = TestDelegateTests/Info.plist;
				LD_RUNPATH_SEARCH_PATHS = "$(inherited) @executable_path/Frameworks @loader_path/Frameworks";
				PRODUCT_NAME = "$(TARGET_NAME)";
				TEST_HOST = "$(BUILT_PRODUCTS_DIR)/TestDelegate.app/TestDelegate";
			};
			name = Debug;
		};
		B81854BF1A3988B6008F0257 /* Release */ = {
			isa = XCBuildConfiguration;
			buildSettings = {
				BUNDLE_LOADER = "$(TEST_HOST)";
				FRAMEWORK_SEARCH_PATHS = (
					"$(SDKROOT)/Developer/Library/Frameworks",
					"$(inherited)",
				);
				INFOPLIST_FILE = TestDelegateTests/Info.plist;
				LD_RUNPATH_SEARCH_PATHS = "$(inherited) @executable_path/Frameworks @loader_path/Frameworks";
				PRODUCT_NAME = "$(TARGET_NAME)";
				TEST_HOST = "$(BUILT_PRODUCTS_DIR)/TestDelegate.app/TestDelegate";
			};
			name = Release;
		};
/* End XCBuildConfiguration section */

/* Begin XCConfigurationList section */
		B81854921A3988B6008F0257 /* Build configuration list for PBXProject "TestDelegate" */ = {
			isa = XCConfigurationList;
			buildConfigurations = (
				B81854B81A3988B6008F0257 /* Debug */,
				B81854B91A3988B6008F0257 /* Release */,
			);
			defaultConfigurationIsVisible = 0;
			defaultConfigurationName = Release;
		};
		B81854BA1A3988B6008F0257 /* Build configuration list for PBXNativeTarget "TestDelegate" */ = {
			isa = XCConfigurationList;
			buildConfigurations = (
				B81854BB1A3988B6008F0257 /* Debug */,
				B81854BC1A3988B6008F0257 /* Release */,
			);
			defaultConfigurationIsVisible = 0;
		};
		B81854BD1A3988B6008F0257 /* Build configuration list for PBXNativeTarget "TestDelegateTests" */ = {
			isa = XCConfigurationList;
			buildConfigurations = (
				B81854BE1A3988B6008F0257 /* Debug */,
				B81854BF1A3988B6008F0257 /* Release */,
			);
			defaultConfigurationIsVisible = 0;
		};
/* End XCConfigurationList section */
	};
	rootObject = B818548F1A3988B6008F0257 /* Project object */;
}
